// !$*UTF8*$!
{
	archiveVersion = 1;
	classes = {
	};
	objectVersion = 56;
	objects = {

/* Begin PBXBuildFile section */
		65C1D635307AF67F0091E49C /* PeliQlasApp.swift in Sources */ = {isa = PBXBuildFile; fileRef = 65C1D634307AF67F0091E49C /* PeliQlasApp.swift */; };
		65C1D637307AF67F0091E49C /* ContentView.swift in Sources */ = {isa = PBXBuildFile; fileRef = 65C1D636307AF67F0091E49C /* ContentView.swift */; };
		65C1D639307AF67F0091E49C /* Item.swift in Sources */ = {isa = PBXBuildFile; fileRef = 65C1D638307AF67F0091E49C /* Item.swift */; };
		65C1D63B307AF6820091E49C /* Assets.xcassets in Resources */ = {isa = PBXBuildFile; fileRef = 65C1D63A307AF6820091E49C /* Assets.xcassets */; };
		65C1D63E307AF6820091E49C /* Preview Assets.xcassets in Resources */ = {isa = PBXBuildFile; fileRef = 65C1D63D307AF6820091E49C /* Preview Assets.xcassets */; };
		65C1D648307AF6830091E49C /* PeliQlasTests.swift in Sources */ = {isa = PBXBuildFile; fileRef = 65C1D647307AF6830091E49C /* PeliQlasTests.swift */; };
		65C1D652307AF6830091E49C /* PeliQlasUITests.swift in Sources */ = {isa = PBXBuildFile; fileRef = 65C1D651307AF6830091E49C /* PeliQlasUITests.swift */; };
		65C1D654307AF6830091E49C /* PeliQlasUITestsLaunchTests.swift in Sources */ = {isa = PBXBuildFile; fileRef = 65C1D653307AF6830091E49C /* PeliQlasUITestsLaunchTests.swift */; };
/* End PBXBuildFile section */

/* Begin PBXContainerItemProxy section */
		65C1D644307AF6830091E49C /* PBXContainerItemProxy */ = {
			isa = PBXContainerItemProxy;
			containerPortal = 65C1D629307AF67F0091E49C /* Project object */;
			proxyType = 1;
			remoteGlobalIDString = 65C1D630307AF67F0091E49C;
			remoteInfo = PeliQlas;
		};
		65C1D64E307AF6830091E49C /* PBXContainerItemProxy */ = {
			isa = PBXContainerItemProxy;
			containerPortal = 65C1D629307AF67F0091E49C /* Project object */;
			proxyType = 1;
			remoteGlobalIDString = 65C1D630307AF67F0091E49C;
			remoteInfo = PeliQlas;
		};
/* End PBXContainerItemProxy section */

/* Begin PBXFileReference section */
		65C1D631307AF67F0091E49C /* PeliQlas.app */ = {isa = PBXFileReference; explicitFileType = wrapper.application; includeInIndex = 0; path = PeliQlas.app; sourceTree = BUILT_PRODUCTS_DIR; };
		65C1D634307AF67F0091E49C /* PeliQlasApp.swift */ = {isa = PBXFileReference; lastKnownFileType = sourcecode.swift; path = PeliQlasApp.swift; sourceTree = "<group>"; };
		65C1D636307AF67F0091E49C /* ContentView.swift */ = {isa = PBXFileReference; lastKnownFileType = sourcecode.swift; path = ContentView.swift; sourceTree = "<group>"; };
		65C1D638307AF67F0091E49C /* Item.swift */ = {isa = PBXFileReference; lastKnownFileType = sourcecode.swift; path = Item.swift; sourceTree = "<group>"; };
		65C1D63A307AF6820091E49C /* Assets.xcassets */ = {isa = PBXFileReference; lastKnownFileType = folder.assetcatalog; path = Assets.xcassets; sourceTree = "<group>"; };
		65C1D63D307AF6820091E49C /* Preview Assets.xcassets */ = {isa = PBXFileReference; lastKnownFileType = folder.assetcatalog; path = "Preview Assets.xcassets"; sourceTree = "<group>"; };
		65C1D643307AF6830091E49C /* PeliQlasTests.xctest */ = {isa = PBXFileReference; explicitFileType = wrapper.cfbundle; includeInIndex = 0; path = PeliQlasTests.xctest; sourceTree = BUILT_PRODUCTS_DIR; };
		65C1D647307AF6830091E49C /* PeliQlasTests.swift */ = {isa = PBXFileReference; lastKnownFileType = sourcecode.swift; path = PeliQlasTests.swift; sourceTree = "<group>"; };
		65C1D64D307AF6830091E49C /* PeliQlasUITests.xctest */ = {isa = PBXFileReference; explicitFileType = wrapper.cfbundle; includeInIndex = 0; path = PeliQlasUITests.xctest; sourceTree = BUILT_PRODUCTS_DIR; };
		65C1D651307AF6830091E49C /* PeliQlasUITests.swift */ = {isa = PBXFileReference; lastKnownFileType = sourcecode.swift; path = PeliQlasUITests.swift; sourceTree = "<group>"; };
		65C1D653307AF6830091E49C /* PeliQlasUITestsLaunchTests.swift */ = {isa = PBXFileReference; lastKnownFileType = sourcecode.swift; path = PeliQlasUITestsLaunchTests.swift; sourceTree = "<group>"; };
/* End PBXFileReference section */

/* Begin PBXFrameworksBuildPhase section */
		65C1D62E307AF67F0091E49C /* Frameworks */ = {
			isa = PBXFrameworksBuildPhase;
			buildActionMask = 2147483647;
			files = (
			);
			runOnlyForDeploymentPostprocessing = 0;
		};
		65C1D640307AF6830091E49C /* Frameworks */ = {
			isa = PBXFrameworksBuildPhase;
			buildActionMask = 2147483647;
			files = (
			);
			runOnlyForDeploymentPostprocessing = 0;
		};
		65C1D64A307AF6830091E49C /* Frameworks */ = {
			isa = PBXFrameworksBuildPhase;
			buildActionMask = 2147483647;
			files = (
			);
			runOnlyForDeploymentPostprocessing = 0;
		};
/* End PBXFrameworksBuildPhase section */

/* Begin PBXGroup section */
		65C1D628307AF67F0091E49C = {
			isa = PBXGroup;
			children = (
				65C1D633307AF67F0091E49C /* PeliQlas */,
				65C1D646307AF6830091E49C /* PeliQlasTests */,
				65C1D650307AF6830091E49C /* PeliQlasUITests */,
				65C1D632307AF67F0091E49C /* Products */,
			);
			sourceTree = "<group>";
		};
		65C1D632307AF67F0091E49C /* Products */ = {
			isa = PBXGroup;
			children = (
				65C1D631307AF67F0091E49C /* PeliQlas.app */,
				65C1D643307AF6830091E49C /* PeliQlasTests.xctest */,
				65C1D64D307AF6830091E49C /* PeliQlasUITests.xctest */,
			);
			name = Products;
			sourceTree = "<group>";
		};
		65C1D633307AF67F0091E49C /* PeliQlas */ = {
			isa = PBXGroup;
			children = (
				65C1D634307AF67F0091E49C /* PeliQlasApp.swift */,
				65C1D636307AF67F0091E49C /* ContentView.swift */,
				65C1D638307AF67F0091E49C /* Item.swift */,
				65C1D63A307AF6820091E49C /* Assets.xcassets */,
				65C1D63C307AF6820091E49C /* Preview Content */,
			);
			path = PeliQlas;
			sourceTree = "<group>";
		};
		65C1D63C307AF6820091E49C /* Preview Content */ = {
			isa = PBXGroup;
			children = (
				65C1D63D307AF6820091E49C /* Preview Assets.xcassets */,
			);
			path = "Preview Content";
			sourceTree = "<group>";
		};
		65C1D646307AF6830091E49C /* PeliQlasTests */ = {
			isa = PBXGroup;
			children = (
				65C1D647307AF6830091E49C /* PeliQlasTests.swift */,
			);
			path = PeliQlasTests;
			sourceTree = "<group>";
		};
		65C1D650307AF6830091E49C /* PeliQlasUITests */ = {
			isa = PBXGroup;
			children = (
				65C1D651307AF6830091E49C /* PeliQlasUITests.swift */,
				65C1D653307AF6830091E49C /* PeliQlasUITestsLaunchTests.swift */,
			);
			path = PeliQlasUITests;
			sourceTree = "<group>";
		};
/* End PBXGroup section */

/* Begin PBXNativeTarget section */
		65C1D630307AF67F0091E49C /* PeliQlas */ = {
			isa = PBXNativeTarget;
			buildConfigurationList = 65C1D657307AF6830091E49C /* Build configuration list for PBXNativeTarget "PeliQlas" */;
			buildPhases = (
				65C1D62D307AF67F0091E49C /* Sources */,
				65C1D62E307AF67F0091E49C /* Frameworks */,
				65C1D62F307AF67F0091E49C /* Resources */,
			);
			buildRules = (
			);
			dependencies = (
			);
			name = PeliQlas;
			productName = PeliQlas;
			productReference = 65C1D631307AF67F0091E49C /* PeliQlas.app */;
			productType = "com.apple.product-type.application";
		};
		65C1D642307AF6830091E49C /* PeliQlasTests */ = {
			isa = PBXNativeTarget;
			buildConfigurationList = 65C1D65A307AF6830091E49C /* Build configuration list for PBXNativeTarget "PeliQlasTests" */;
			buildPhases = (
				65C1D63F307AF6830091E49C /* Sources */,
				65C1D640307AF6830091E49C /* Frameworks */,
				65C1D641307AF6830091E49C /* Resources */,
			);
			buildRules = (
			);
			dependencies = (
				65C1D645307AF6830091E49C /* PBXTargetDependency */,
			);
			name = PeliQlasTests;
			productName = PeliQlasTests;
			productReference = 65C1D643307AF6830091E49C /* PeliQlasTests.xctest */;
			productType = "com.apple.product-type.bundle.unit-test";
		};
		65C1D64C307AF6830091E49C /* PeliQlasUITests */ = {
			isa = PBXNativeTarget;
			buildConfigurationList = 65C1D65D307AF6830091E49C /* Build configuration list for PBXNativeTarget "PeliQlasUITests" */;
			buildPhases = (
				65C1D649307AF6830091E49C /* Sources */,
				65C1D64A307AF6830091E49C /* Frameworks */,
				65C1D64B307AF6830091E49C /* Resources */,
			);
			buildRules = (
			);
			dependencies = (
				65C1D64F307AF6830091E49C /* PBXTargetDependency */,
			);
			name = PeliQlasUITests;
			productName = PeliQlasUITests;
			productReference = 65C1D64D307AF6830091E49C /* PeliQlasUITests.xctest */;
			productType = "com.apple.product-type.bundle.ui-testing";
		};
/* End PBXNativeTarget section */

/* Begin PBXProject section */
		65C1D629307AF67F0091E49C /* Project object */ = {
			isa = PBXProject;
			attributes = {
				BuildIndependentTargetsInParallel = 1;
				LastSwiftUpdateCheck = 1520;
				LastUpgradeCheck = 1520;
				TargetAttributes = {
					65C1D630307AF67F0091E49C = {
						CreatedOnToolsVersion = 15.2;
					};
					65C1D642307AF6830091E49C = {
						CreatedOnToolsVersion = 15.2;
						TestTargetID = 65C1D630307AF67F0091E49C;
					};
					65C1D64C307AF6830091E49C = {
						CreatedOnToolsVersion = 15.2;
						TestTargetID = 65C1D630307AF67F0091E49C;
					};
				};
			};
			buildConfigurationList = 65C1D62C307AF67F0091E49C /* Build configuration list for PBXProject "PeliQlas" */;
			compatibilityVersion = "Xcode 14.0";
			developmentRegion = en;
			hasScannedForEncodings = 0;
			knownRegions = (
				en,
				Base,
			);
			mainGroup = 65C1D628307AF67F0091E49C;
			productRefGroup = 65C1D632307AF67F0091E49C /* Products */;
			projectDirPath = "";
			projectRoot = "";
			targets = (
				65C1D630307AF67F0091E49C /* PeliQlas */,
				65C1D642307AF6830091E49C /* PeliQlasTests */,
				65C1D64C307AF6830091E49C /* PeliQlasUITests */,
			);
		};
/* End PBXProject section */

/* Begin PBXResourcesBuildPhase section */
		65C1D62F307AF67F0091E49C /* Resources */ = {
			isa = PBXResourcesBuildPhase;
			buildActionMask = 2147483647;
			files = (
				65C1D63E307AF6820091E49C /* Preview Assets.xcassets in Resources */,
				65C1D63B307AF6820091E49C /* Assets.xcassets in Resources */,
			);
			runOnlyForDeploymentPostprocessing = 0;
		};
		65C1D641307AF6830091E49C /* Resources */ = {
			isa = PBXResourcesBuildPhase;
			buildActionMask = 2147483647;
			files = (
			);
			runOnlyForDeploymentPostprocessing = 0;
		};
		65C1D64B307AF6830091E49C /* Resources */ = {
			isa = PBXResourcesBuildPhase;
			buildActionMask = 2147483647;
			files = (
			);
			runOnlyForDeploymentPostprocessing = 0;
		};
/* End PBXResourcesBuildPhase section */

/* Begin PBXSourcesBuildPhase section */
		65C1D62D307AF67F0091E49C /* Sources */ = {
			isa = PBXSourcesBuildPhase;
			buildActionMask = 2147483647;
			files = (
				65C1D637307AF67F0091E49C /* ContentView.swift in Sources */,
				65C1D639307AF67F0091E49C /* Item.swift in Sources */,
				65C1D635307AF67F0091E49C /* PeliQlasApp.swift in Sources */,
			);
			runOnlyForDeploymentPostprocessing = 0;
		};
		65C1D63F307AF6830091E49C /* Sources */ = {
			isa = PBXSourcesBuildPhase;
			buildActionMask = 2147483647;
			files = (
				65C1D648307AF6830091E49C /* PeliQlasTests.swift in Sources */,
			);
			runOnlyForDeploymentPostprocessing = 0;
		};
		65C1D649307AF6830091E49C /* Sources */ = {
			isa = PBXSourcesBuildPhase;
			buildActionMask = 2147483647;
			files = (
				65C1D654307AF6830091E49C /* PeliQlasUITestsLaunchTests.swift in Sources */,
				65C1D652307AF6830091E49C /* PeliQlasUITests.swift in Sources */,
			);
			runOnlyForDeploymentPostprocessing = 0;
		};
/* End PBXSourcesBuildPhase section */

/* Begin PBXTargetDependency section */
		65C1D645307AF6830091E49C /* PBXTargetDependency */ = {
			isa = PBXTargetDependency;
			target = 65C1D630307AF67F0091E49C /* PeliQlas */;
			targetProxy = 65C1D644307AF6830091E49C /* PBXContainerItemProxy */;
		};
		65C1D64F307AF6830091E49C /* PBXTargetDependency */ = {
			isa = PBXTargetDependency;
			target = 65C1D630307AF67F0091E49C /* PeliQlas */;
			targetProxy = 65C1D64E307AF6830091E49C /* PBXContainerItemProxy */;
		};
/* End PBXTargetDependency section */

/* Begin XCBuildConfiguration section */
		65C1D655307AF6830091E49C /* Debug */ = {
			isa = XCBuildConfiguration;
			buildSettings = {
				ALWAYS_SEARCH_USER_PATHS = NO;
				ASSETCATALOG_COMPILER_GENERATE_SWIFT_ASSET_SYMBOL_EXTENSIONS = YES;
				CLANG_ANALYZER_NONNULL = YES;
				CLANG_ANALYZER_NUMBER_OBJECT_CONVERSION = YES_AGGRESSIVE;
				CLANG_CXX_LANGUAGE_STANDARD = "gnu++20";
				CLANG_ENABLE_MODULES = YES;
				CLANG_ENABLE_OBJC_ARC = YES;
				CLANG_ENABLE_OBJC_WEAK = YES;
				CLANG_WARN_BLOCK_CAPTURE_AUTORELEASING = YES;
				CLANG_WARN_BOOL_CONVERSION = YES;
				CLANG_WARN_COMMA = YES;
				CLANG_WARN_CONSTANT_CONVERSION = YES;
				CLANG_WARN_DEPRECATED_OBJC_IMPLEMENTATIONS = YES;
				CLANG_WARN_DIRECT_OBJC_ISA_USAGE = YES_ERROR;
				CLANG_WARN_DOCUMENTATION_COMMENTS = YES;
				CLANG_WARN_EMPTY_BODY = YES;
				CLANG_WARN_ENUM_CONVERSION = YES;
				CLANG_WARN_INFINITE_RECURSION = YES;
				CLANG_WARN_INT_CONVERSION = YES;
				CLANG_WARN_NON_LITERAL_NULL_CONVERSION = YES;
				CLANG_WARN_OBJC_IMPLICIT_RETAIN_SELF = YES;
				CLANG_WARN_OBJC_LITERAL_CONVERSION = YES;
				CLANG_WARN_OBJC_ROOT_CLASS = YES_ERROR;
				CLANG_WARN_QUOTED_INCLUDE_IN_FRAMEWORK_HEADER = YES;
				CLANG_WARN_RANGE_LOOP_ANALYSIS = YES;
				CLANG_WARN_STRICT_PROTOTYPES = YES;
				CLANG_WARN_SUSPICIOUS_MOVE = YES;
				CLANG_WARN_UNGUARDED_AVAILABILITY = YES_AGGRESSIVE;
				CLANG_WARN_UNREACHABLE_CODE = YES;
				CLANG_WARN__DUPLICATE_METHOD_MATCH = YES;
				COPY_PHASE_STRIP = NO;
				DEBUG_INFORMATION_FORMAT = dwarf;
				ENABLE_STRICT_OBJC_MSGSEND = YES;
				ENABLE_TESTABILITY = YES;
				ENABLE_USER_SCRIPT_SANDBOXING = YES;
				GCC_C_LANGUAGE_STANDARD = gnu17;
				GCC_DYNAMIC_NO_PIC = NO;
				GCC_NO_COMMON_BLOCKS = YES;
				GCC_OPTIMIZATION_LEVEL = 0;
				GCC_PREPROCESSOR_DEFINITIONS = (
					"DEBUG=1",
					"$(inherited)",
				);
				GCC_WARN_64_TO_32_BIT_CONVERSION = YES;
				GCC_WARN_ABOUT_RETURN_TYPE = YES_ERROR;
				GCC_WARN_UNDECLARED_SELECTOR = YES;
				GCC_WARN_UNINITIALIZED_AUTOS = YES_AGGRESSIVE;
				GCC_WARN_UNUSED_FUNCTION = YES;
				GCC_WARN_UNUSED_VARIABLE = YES;
				IPHONEOS_DEPLOYMENT_TARGET = 17.2;
				LOCALIZATION_PREFERS_STRING_CATALOGS = YES;
				MTL_ENABLE_DEBUG_INFO = INCLUDE_SOURCE;
				MTL_FAST_MATH = YES;
				ONLY_ACTIVE_ARCH = YES;
				SDKROOT = iphoneos;
				SWIFT_ACTIVE_COMPILATION_CONDITIONS = "DEBUG $(inherited)";
				SWIFT_OPTIMIZATION_LEVEL = "-Onone";
			};
			name = Debug;
		};
		65C1D656307AF6830091E49C /* Release */ = {
			isa = XCBuildConfiguration;
			buildSettings = {
				ALWAYS_SEARCH_USER_PATHS = NO;
				ASSETCATALOG_COMPILER_GENERATE_SWIFT_ASSET_SYMBOL_EXTENSIONS = YES;
				CLANG_ANALYZER_NONNULL = YES;
				CLANG_ANALYZER_NUMBER_OBJECT_CONVERSION = YES_AGGRESSIVE;
				CLANG_CXX_LANGUAGE_STANDARD = "gnu++20";
				CLANG_ENABLE_MODULES = YES;
				CLANG_ENABLE_OBJC_ARC = YES;
				CLANG_ENABLE_OBJC_WEAK = YES;
				CLANG_WARN_BLOCK_CAPTURE_AUTORELEASING = YES;
				CLANG_WARN_BOOL_CONVERSION = YES;
				CLANG_WARN_COMMA = YES;
				CLANG_WARN_CONSTANT_CONVERSION = YES;
				CLANG_WARN_DEPRECATED_OBJC_IMPLEMENTATIONS = YES;
				CLANG_WARN_DIRECT_OBJC_ISA_USAGE = YES_ERROR;
				CLANG_WARN_DOCUMENTATION_COMMENTS = YES;
				CLANG_WARN_EMPTY_BODY = YES;
				CLANG_WARN_ENUM_CONVERSION = YES;
				CLANG_WARN_INFINITE_RECURSION = YES;
				CLANG_WARN_INT_CONVERSION = YES;
				CLANG_WARN_NON_LITERAL_NULL_CONVERSION = YES;
				CLANG_WARN_OBJC_IMPLICIT_RETAIN_SELF = YES;
				CLANG_WARN_OBJC_LITERAL_CONVERSION = YES;
				CLANG_WARN_OBJC_ROOT_CLASS = YES_ERROR;
				CLANG_WARN_QUOTED_INCLUDE_IN_FRAMEWORK_HEADER = YES;
				CLANG_WARN_RANGE_LOOP_ANALYSIS = YES;
				CLANG_WARN_STRICT_PROTOTYPES = YES;
				CLANG_WARN_SUSPICIOUS_MOVE = YES;
				CLANG_WARN_UNGUARDED_AVAILABILITY = YES_AGGRESSIVE;
				CLANG_WARN_UNREACHABLE_CODE = YES;
				CLANG_WARN__DUPLICATE_METHOD_MATCH = YES;
				COPY_PHASE_STRIP = NO;
				DEBUG_INFORMATION_FORMAT = "dwarf-with-dsym";
				ENABLE_NS_ASSERTIONS = NO;
				ENABLE_STRICT_OBJC_MSGSEND = YES;
				ENABLE_USER_SCRIPT_SANDBOXING = YES;
				GCC_C_LANGUAGE_STANDARD = gnu17;
				GCC_NO_COMMON_BLOCKS = YES;
				GCC_WARN_64_TO_32_BIT_CONVERSION = YES;
				GCC_WARN_ABOUT_RETURN_TYPE = YES_ERROR;
				GCC_WARN_UNDECLARED_SELECTOR = YES;
				GCC_WARN_UNINITIALIZED_AUTOS = YES_AGGRESSIVE;
				GCC_WARN_UNUSED_FUNCTION = YES;
				GCC_WARN_UNUSED_VARIABLE = YES;
				IPHONEOS_DEPLOYMENT_TARGET = 17.2;
				LOCALIZATION_PREFERS_STRING_CATALOGS = YES;
				MTL_ENABLE_DEBUG_INFO = NO;
				MTL_FAST_MATH = YES;
				SDKROOT = iphoneos;
				SWIFT_COMPILATION_MODE = wholemodule;
				VALIDATE_PRODUCT = YES;
			};
			name = Release;
		};
		65C1D658307AF6830091E49C /* Debug */ = {
			isa = XCBuildConfiguration;
			buildSettings = {
				ASSETCATALOG_COMPILER_APPICON_NAME = AppIcon;
				ASSETCATALOG_COMPILER_GLOBAL_ACCENT_COLOR_NAME = AccentColor;
				CODE_SIGN_STYLE = Automatic;
				CURRENT_PROJECT_VERSION = 1;
				DEVELOPMENT_ASSET_PATHS = "\"PeliQlas/Preview Content\"";
				ENABLE_PREVIEWS = YES;
				GENERATE_INFOPLIST_FILE = YES;
				INFOPLIST_KEY_UIApplicationSceneManifest_Generation = YES;
				INFOPLIST_KEY_UIApplicationSupportsIndirectInputEvents = YES;
				INFOPLIST_KEY_UILaunchScreen_Generation = YES;
				INFOPLIST_KEY_UISupportedInterfaceOrientations_iPad = "UIInterfaceOrientationPortrait UIInterfaceOrientationPortraitUpsideDown UIInterfaceOrientationLandscapeLeft UIInterfaceOrientationLandscapeRight";
				INFOPLIST_KEY_UISupportedInterfaceOrientations_iPhone = "UIInterfaceOrientationPortrait UIInterfaceOrientationLandscapeLeft UIInterfaceOrientationLandscapeRight";
				LD_RUNPATH_SEARCH_PATHS = (
					"$(inherited)",
					"@executable_path/Frameworks",
				);
				MARKETING_VERSION = 1.0;
				PRODUCT_BUNDLE_IDENTIFIER = ios.PeliQlas;
				PRODUCT_NAME = "$(TARGET_NAME)";
				SWIFT_EMIT_LOC_STRINGS = YES;
				SWIFT_VERSION = 5.0;
				TARGETED_DEVICE_FAMILY = "1,2";
			};
			name = Debug;
		};
		65C1D659307AF6830091E49C /* Release */ = {
			isa = XCBuildConfiguration;
			buildSettings = {
				ASSETCATALOG_COMPILER_APPICON_NAME = AppIcon;
				ASSETCATALOG_COMPILER_GLOBAL_ACCENT_COLOR_NAME = AccentColor;
				CODE_SIGN_STYLE = Automatic;
				CURRENT_PROJECT_VERSION = 1;
				DEVELOPMENT_ASSET_PATHS = "\"PeliQlas/Preview Content\"";
				ENABLE_PREVIEWS = YES;
				GENERATE_INFOPLIST_FILE = YES;
				INFOPLIST_KEY_UIApplicationSceneManifest_Generation = YES;
				INFOPLIST_KEY_UIApplicationSupportsIndirectInputEvents = YES;
				INFOPLIST_KEY_UILaunchScreen_Generation = YES;
				INFOPLIST_KEY_UISupportedInterfaceOrientations_iPad = "UIInterfaceOrientationPortrait UIInterfaceOrientationPortraitUpsideDown UIInterfaceOrientationLandscapeLeft UIInterfaceOrientationLandscapeRight";
				INFOPLIST_KEY_UISupportedInterfaceOrientations_iPhone = "UIInterfaceOrientationPortrait UIInterfaceOrientationLandscapeLeft UIInterfaceOrientationLandscapeRight";
				LD_RUNPATH_SEARCH_PATHS = (
					"$(inherited)",
					"@executable_path/Frameworks",
				);
				MARKETING_VERSION = 1.0;
				PRODUCT_BUNDLE_IDENTIFIER = ios.PeliQlas;
				PRODUCT_NAME = "$(TARGET_NAME)";
				SWIFT_EMIT_LOC_STRINGS = YES;
				SWIFT_VERSION = 5.0;
				TARGETED_DEVICE_FAMILY = "1,2";
			};
			name = Release;
		};
		65C1D65B307AF6830091E49C /* Debug */ = {
			isa = XCBuildConfiguration;
			buildSettings = {
				ALWAYS_EMBED_SWIFT_STANDARD_LIBRARIES = YES;
				BUNDLE_LOADER = "$(TEST_HOST)";
				CODE_SIGN_STYLE = Automatic;
				CURRENT_PROJECT_VERSION = 1;
				GENERATE_INFOPLIST_FILE = YES;
				IPHONEOS_DEPLOYMENT_TARGET = 17.2;
				MARKETING_VERSION = 1.0;
				PRODUCT_BUNDLE_IDENTIFIER = ios.PeliQlasTests;
				PRODUCT_NAME = "$(TARGET_NAME)";
				SWIFT_EMIT_LOC_STRINGS = NO;
				SWIFT_VERSION = 5.0;
				TARGETED_DEVICE_FAMILY = "1,2";
				TEST_HOST = "$(BUILT_PRODUCTS_DIR)/PeliQlas.app/$(BUNDLE_EXECUTABLE_FOLDER_PATH)/PeliQlas";
			};
			name = Debug;
		};
		65C1D65C307AF6830091E49C /* Release */ = {
			isa = XCBuildConfiguration;
			buildSettings = {
				ALWAYS_EMBED_SWIFT_STANDARD_LIBRARIES = YES;
				BUNDLE_LOADER = "$(TEST_HOST)";
				CODE_SIGN_STYLE = Automatic;
				CURRENT_PROJECT_VERSION = 1;
				GENERATE_INFOPLIST_FILE = YES;
				IPHONEOS_DEPLOYMENT_TARGET = 17.2;
				MARKETING_VERSION = 1.0;
				PRODUCT_BUNDLE_IDENTIFIER = ios.PeliQlasTests;
				PRODUCT_NAME = "$(TARGET_NAME)";
				SWIFT_EMIT_LOC_STRINGS = NO;
				SWIFT_VERSION = 5.0;
				TARGETED_DEVICE_FAMILY = "1,2";
				TEST_HOST = "$(BUILT_PRODUCTS_DIR)/PeliQlas.app/$(BUNDLE_EXECUTABLE_FOLDER_PATH)/PeliQlas";
			};
			name = Release;
		};
		65C1D65E307AF6830091E49C /* Debug */ = {
			isa = XCBuildConfiguration;
			buildSettings = {
				ALWAYS_EMBED_SWIFT_STANDARD_LIBRARIES = YES;
				CODE_SIGN_STYLE = Automatic;
				CURRENT_PROJECT_VERSION = 1;
				GENERATE_INFOPLIST_FILE = YES;
				MARKETING_VERSION = 1.0;
				PRODUCT_BUNDLE_IDENTIFIER = ios.PeliQlasUITests;
				PRODUCT_NAME = "$(TARGET_NAME)";
				SWIFT_EMIT_LOC_STRINGS = NO;
				SWIFT_VERSION = 5.0;
				TARGETED_DEVICE_FAMILY = "1,2";
				TEST_TARGET_NAME = PeliQlas;
			};
			name = Debug;
		};
		65C1D65F307AF6830091E49C /* Release */ = {
			isa = XCBuildConfiguration;
			buildSettings = {
				ALWAYS_EMBED_SWIFT_STANDARD_LIBRARIES = YES;
				CODE_SIGN_STYLE = Automatic;
				CURRENT_PROJECT_VERSION = 1;
				GENERATE_INFOPLIST_FILE = YES;
				MARKETING_VERSION = 1.0;
				PRODUCT_BUNDLE_IDENTIFIER = ios.PeliQlasUITests;
				PRODUCT_NAME = "$(TARGET_NAME)";
				SWIFT_EMIT_LOC_STRINGS = NO;
				SWIFT_VERSION = 5.0;
				TARGETED_DEVICE_FAMILY = "1,2";
				TEST_TARGET_NAME = PeliQlas;
			};
			name = Release;
		};
/* End XCBuildConfiguration section */

/* Begin XCConfigurationList section */
		65C1D62C307AF67F0091E49C /* Build configuration list for PBXProject "PeliQlas" */ = {
			isa = XCConfigurationList;
			buildConfigurations = (
				65C1D655307AF6830091E49C /* Debug */,
				65C1D656307AF6830091E49C /* Release */,
			);
			defaultConfigurationIsVisible = 0;
			defaultConfigurationName = Release;
		};
		65C1D657307AF6830091E49C /* Build configuration list for PBXNativeTarget "PeliQlas" */ = {
			isa = XCConfigurationList;
			buildConfigurations = (
				65C1D658307AF6830091E49C /* Debug */,
				65C1D659307AF6830091E49C /* Release */,
			);
			defaultConfigurationIsVisible = 0;
			defaultConfigurationName = Release;
		};
		65C1D65A307AF6830091E49C /* Build configuration list for PBXNativeTarget "PeliQlasTests" */ = {
			isa = XCConfigurationList;
			buildConfigurations = (
				65C1D65B307AF6830091E49C /* Debug */,
				65C1D65C307AF6830091E49C /* Release */,
			);
			defaultConfigurationIsVisible = 0;
			defaultConfigurationName = Release;
		};
		65C1D65D307AF6830091E49C /* Build configuration list for PBXNativeTarget "PeliQlasUITests" */ = {
			isa = XCConfigurationList;
			buildConfigurations = (
				65C1D65E307AF6830091E49C /* Debug */,
				65C1D65F307AF6830091E49C /* Release */,
			);
			defaultConfigurationIsVisible = 0;
			defaultConfigurationName = Release;
		};
/* End XCConfigurationList section */
	};
	rootObject = 65C1D629307AF67F0091E49C /* Project object */;
}
